
Microsoft Visual Studio Solution File, Format Version 12.00
# Visual Studio Version 17
VisualStudioVersion = 17.12.35514.174 d17.12
MinimumVisualStudioVersion = 10.0.40219.1
Project("{FAE04EC0-301F-11D3-BF4B-00C04F79EFBC}") = "LMS", "LMS\LMS.csproj", "{AF05F3FB-275B-42AD-8685-1CDB01A5DBD8}"
EndProject
Global
	GlobalSection(SolutionConfigurationPlatforms) = preSolution
		Debug|Any CPU = Debug|Any CPU
		Release|Any CPU = Release|Any CPU
	EndGlobalSection
	GlobalSection(ProjectConfigurationPlatforms) = postSolution
		{AF05F3FB-275B-42AD-8685-1CDB01A5DBD8}.Debug|Any CPU.ActiveCfg = Debug|Any CPU
		{AF05F3FB-275B-42AD-8685-1CDB01A5DBD8}.Debug|Any CPU.Build.0 = Debug|Any CPU
		{AF05F3FB-275B-42AD-8685-1CDB01A5DBD8}.Release|Any CPU.ActiveCfg = Release|Any CPU
		{AF05F3FB-275B-42AD-8685-1CDB01A5DBD8}.Release|Any CPU.Build.0 = Release|Any CPU
	EndGlobalSection
	GlobalSection(SolutionProperties) = preSolution
		HideSolutionNode = FALSE
	EndGlobalSection
EndGlobal
